DEPENDENCIES
  mackerel-agent
    git: https://github.com/mackerelio/cookbook-mackerel-agent.git
    revision: 7caca4ba9a28875ef9bbc200fe96d9c7261a2d96
    tag: v1.1.0
  selinux
  yum-epel
  yum-mysql-community

GRAPH
  apt (2.6.1)
  mackerel-agent (1.1.0)
    apt (>= 0.0.0)
    yum (< 4.0.0)
  selinux (0.8.0)
  yum (3.5.2)
  yum-epel (0.6.0)
    yum (~> 3.0)
  yum-mysql-community (0.1.11)
    yum (>= 3.0)
